
Microsoft Visual Studio Solution File, Format Version 12.00
# Visual Studio Version 17
VisualStudioVersion = 17.3.32922.545
MinimumVisualStudioVersion = 10.0.40219.1
Project("{FAE04EC0-301F-11D3-BF4B-00C04F79EFBC}") = "Project IGI Texture Editor", "Project IGI Texture Editor\Project IGI Texture Editor.csproj", "{AC6D15AA-AFB4-49CA-BAA3-33BFFBB1D23B}"
EndProject
Global
	GlobalSection(SolutionConfigurationPlatforms) = preSolution
		Debug|Any CPU = Debug|Any CPU
		Release|Any CPU = Release|Any CPU
	EndGlobalSection
	GlobalSection(ProjectConfigurationPlatforms) = postSolution
		{AC6D15AA-AFB4-49CA-BAA3-33BFFBB1D23B}.Debug|Any CPU.ActiveCfg = Debug|Any CPU
		{AC6D15AA-AFB4-49CA-BAA3-33BFFBB1D23B}.Debug|Any CPU.Build.0 = Debug|Any CPU
		{AC6D15AA-AFB4-49CA-BAA3-33BFFBB1D23B}.Release|Any CPU.ActiveCfg = Release|Any CPU
		{AC6D15AA-AFB4-49CA-BAA3-33BFFBB1D23B}.Release|Any CPU.Build.0 = Release|Any CPU
	EndGlobalSection
	GlobalSection(SolutionProperties) = preSolution
		HideSolutionNode = FALSE
	EndGlobalSection
	GlobalSection(ExtensibilityGlobals) = postSolution
		SolutionGuid = {3E451B54-F4AF-4DF2-9161-93A1E587E371}
	EndGlobalSection
EndGlobal
